
Microsoft Visual Studio Solution File, Format Version 10.00
# Visual Studio 2008
Project("{8BC9CEB8-8B4A-11D0-8D11-00A0C91BC942}") = "BrowseDir", "BrowseDir.vcproj", "{0F7FBABA-4862-4E1D-9EEB-FD387A677F50}"
EndProject
Project("{8BC9CEB8-8B4A-11D0-8D11-00A0C91BC942}") = "DataRetrieval", "DataRetrieval.vcproj", "{E24F1C79-8EC8-465F-BE03-3041C232B836}"
EndProject
Global
	GlobalSection(SolutionConfigurationPlatforms) = preSolution
		Debug|Win32 = Debug|Win32
		Release|Win32 = Release|Win32
	EndGlobalSection
	GlobalSection(ProjectConfigurationPlatforms) = postSolution
		{0F7FBABA-4862-4E1D-9EEB-FD387A677F50}.Debug|Win32.ActiveCfg = Debug|Win32
		{0F7FBABA-4862-4E1D-9EEB-FD387A677F50}.Debug|Win32.Build.0 = Debug|Win32
		{0F7FBABA-4862-4E1D-9EEB-FD387A677F50}.Release|Win32.ActiveCfg = Release|Win32
		{0F7FBABA-4862-4E1D-9EEB-FD387A677F50}.Release|Win32.Build.0 = Release|Win32
		{E24F1C79-8EC8-465F-BE03-3041C232B836}.Debug|Win32.ActiveCfg = Debug|Win32
		{E24F1C79-8EC8-465F-BE03-3041C232B836}.Debug|Win32.Build.0 = Debug|Win32
		{E24F1C79-8EC8-465F-BE03-3041C232B836}.Release|Win32.ActiveCfg = Release|Win32
		{E24F1C79-8EC8-465F-BE03-3041C232B836}.Release|Win32.Build.0 = Release|Win32
	EndGlobalSection
	GlobalSection(SolutionProperties) = preSolution
		HideSolutionNode = FALSE
	EndGlobalSection
EndGlobal
